
Microsoft Visual Studio Solution File, Format Version 12.00
# Visual Studio 15
VisualStudioVersion = 15.0.27428.2027
MinimumVisualStudioVersion = 10.0.40219.1
Project("{FAE04EC0-301F-11D3-BF4B-00C04F79EFBC}") = "MovieDbWebAPI", "MovieDbWebAPI\MovieDbWebAPI.csproj", "{0036D869-6CD9-4F62-A2B2-826B12C9AF22}"
EndProject
Global
	GlobalSection(SolutionConfigurationPlatforms) = preSolution
		Debug|Any CPU = Debug|Any CPU
		Release|Any CPU = Release|Any CPU
	EndGlobalSection
	GlobalSection(ProjectConfigurationPlatforms) = postSolution
		{0036D869-6CD9-4F62-A2B2-826B12C9AF22}.Debug|Any CPU.ActiveCfg = Debug|Any CPU
		{0036D869-6CD9-4F62-A2B2-826B12C9AF22}.Debug|Any CPU.Build.0 = Debug|Any CPU
		{0036D869-6CD9-4F62-A2B2-826B12C9AF22}.Release|Any CPU.ActiveCfg = Release|Any CPU
		{0036D869-6CD9-4F62-A2B2-826B12C9AF22}.Release|Any CPU.Build.0 = Release|Any CPU
	EndGlobalSection
	GlobalSection(SolutionProperties) = preSolution
		HideSolutionNode = FALSE
	EndGlobalSection
	GlobalSection(ExtensibilityGlobals) = postSolution
		SolutionGuid = {F0498894-6EB9-41B7-AEDE-84A1DC804224}
	EndGlobalSection
EndGlobal
